
Microsoft Visual Studio Solution File, Format Version 12.00
# Visual Studio Version 17
VisualStudioVersion = 17.2.32210.308
MinimumVisualStudioVersion = 10.0.40219.1
Project("{FAE04EC0-301F-11D3-BF4B-00C04F79EFBC}") = "LAb1", "LAb1\LAb1.csproj", "{475A4EEF-D0E3-49C1-9DE8-C2E36AE9991A}"
EndProject
Global
	GlobalSection(SolutionConfigurationPlatforms) = preSolution
		Debug|Any CPU = Debug|Any CPU
		Release|Any CPU = Release|Any CPU
	EndGlobalSection
	GlobalSection(ProjectConfigurationPlatforms) = postSolution
		{475A4EEF-D0E3-49C1-9DE8-C2E36AE9991A}.Debug|Any CPU.ActiveCfg = Debug|Any CPU
		{475A4EEF-D0E3-49C1-9DE8-C2E36AE9991A}.Debug|Any CPU.Build.0 = Debug|Any CPU
		{475A4EEF-D0E3-49C1-9DE8-C2E36AE9991A}.Release|Any CPU.ActiveCfg = Release|Any CPU
		{475A4EEF-D0E3-49C1-9DE8-C2E36AE9991A}.Release|Any CPU.Build.0 = Release|Any CPU
	EndGlobalSection
	GlobalSection(SolutionProperties) = preSolution
		HideSolutionNode = FALSE
	EndGlobalSection
	GlobalSection(ExtensibilityGlobals) = postSolution
		SolutionGuid = {A8F15898-0666-4DDA-8218-32ABCEC9D165}
	EndGlobalSection
EndGlobal
